
Microsoft Visual Studio Solution File, Format Version 12.00
# Visual Studio 15
VisualStudioVersion = 15.0.26730.16
MinimumVisualStudioVersion = 10.0.40219.1
Project("{FAE04EC0-301F-11D3-BF4B-00C04F79EFBC}") = "RazorPagesMovie", "RazorPagesMovie\RazorPagesMovie.csproj", "{CDA54984-21E1-49E4-8D1D-9914D1A423AF}"
EndProject
Global
	GlobalSection(SolutionConfigurationPlatforms) = preSolution
		Debug|Any CPU = Debug|Any CPU
		Release|Any CPU = Release|Any CPU
	EndGlobalSection
	GlobalSection(ProjectConfigurationPlatforms) = postSolution
		{CDA54984-21E1-49E4-8D1D-9914D1A423AF}.Debug|Any CPU.ActiveCfg = Debug|Any CPU
		{CDA54984-21E1-49E4-8D1D-9914D1A423AF}.Debug|Any CPU.Build.0 = Debug|Any CPU
		{CDA54984-21E1-49E4-8D1D-9914D1A423AF}.Release|Any CPU.ActiveCfg = Release|Any CPU
		{CDA54984-21E1-49E4-8D1D-9914D1A423AF}.Release|Any CPU.Build.0 = Release|Any CPU
	EndGlobalSection
	GlobalSection(SolutionProperties) = preSolution
		HideSolutionNode = FALSE
	EndGlobalSection
	GlobalSection(ExtensibilityGlobals) = postSolution
		SolutionGuid = {5BF06277-4A6E-4795-820A-6797777C32BE}
	EndGlobalSection
EndGlobal
